// !$*UTF8*$!
{
	archiveVersion = 1;
	classes = {
	};
	objectVersion = 50;
	objects = {

/* Begin PBXBuildFile section */
		1C6CAF27247C81DE0037C98B /* AppDelegate.swift in Sources */ = {isa = PBXBuildFile; fileRef = 1C6CAF26247C81DE0037C98B /* AppDelegate.swift */; };
		1C6CAF29247C81DE0037C98B /* SceneDelegate.swift in Sources */ = {isa = PBXBuildFile; fileRef = 1C6CAF28247C81DE0037C98B /* SceneDelegate.swift */; };
		1C6CAF2B247C81DE0037C98B /* ContentView.swift in Sources */ = {isa = PBXBuildFile; fileRef = 1C6CAF2A247C81DE0037C98B /* ContentView.swift */; };
		1C6CAF2D247C81E00037C98B /* Assets.xcassets in Resources */ = {isa = PBXBuildFile; fileRef = 1C6CAF2C247C81E00037C98B /* Assets.xcassets */; };
		1C6CAF30247C81E00037C98B /* Preview Assets.xcassets in Resources */ = {isa = PBXBuildFile; fileRef = 1C6CAF2F247C81E00037C98B /* Preview Assets.xcassets */; };
		1C6CAF33247C81E00037C98B /* LaunchScreen.storyboard in Resources */ = {isa = PBXBuildFile; fileRef = 1C6CAF31247C81E00037C98B /* LaunchScreen.storyboard */; };
/* End PBXBuildFile section */

/* Begin PBXFileReference section */
		1C6CAF23247C81DE0037C98B /* NavigationLinkBug.app */ = {isa = PBXFileReference; explicitFileType = wrapper.application; includeInIndex = 0; path = NavigationLinkBug.app; sourceTree = BUILT_PRODUCTS_DIR; };
		1C6CAF26247C81DE0037C98B /* AppDelegate.swift */ = {isa = PBXFileReference; lastKnownFileType = sourcecode.swift; path = AppDelegate.swift; sourceTree = "<group>"; };
		1C6CAF28247C81DE0037C98B /* SceneDelegate.swift */ = {isa = PBXFileReference; lastKnownFileType = sourcecode.swift; path = SceneDelegate.swift; sourceTree = "<group>"; };
		1C6CAF2A247C81DE0037C98B /* ContentView.swift */ = {isa = PBXFileReference; lastKnownFileType = sourcecode.swift; path = ContentView.swift; sourceTree = "<group>"; };
		1C6CAF2C247C81E00037C98B /* Assets.xcassets */ = {isa = PBXFileReference; lastKnownFileType = folder.assetcatalog; path = Assets.xcassets; sourceTree = "<group>"; };
		1C6CAF2F247C81E00037C98B /* Preview Assets.xcassets */ = {isa = PBXFileReference; lastKnownFileType = folder.assetcatalog; path = "Preview Assets.xcassets"; sourceTree = "<group>"; };
		1C6CAF32247C81E00037C98B /* Base */ = {isa = PBXFileReference; lastKnownFileType = file.storyboard; name = Base; path = Base.lproj/LaunchScreen.storyboard; sourceTree = "<group>"; };
		1C6CAF34247C81E00037C98B /* Info.plist */ = {isa = PBXFileReference; lastKnownFileType = text.plist.xml; path = Info.plist; sourceTree = "<group>"; };
/* End PBXFileReference section */

/* Begin PBXFrameworksBuildPhase section */
		1C6CAF20247C81DE0037C98B /* Frameworks */ = {
			isa = PBXFrameworksBuildPhase;
			buildActionMask = 2147483647;
			files = (
			);
			runOnlyForDeploymentPostprocessing = 0;
		};
/* End PBXFrameworksBuildPhase section */

/* Begin PBXGroup section */
		1C6CAF1A247C81DE0037C98B = {
			isa = PBXGroup;
			children = (
				1C6CAF25247C81DE0037C98B /* NavigationLinkBug */,
				1C6CAF24247C81DE0037C98B /* Products */,
			);
			sourceTree = "<group>";
		};
		1C6CAF24247C81DE0037C98B /* Products */ = {
			isa = PBXGroup;
			children = (
				1C6CAF23247C81DE0037C98B /* NavigationLinkBug.app */,
			);
			name = Products;
			sourceTree = "<group>";
		};
		1C6CAF25247C81DE0037C98B /* NavigationLinkBug */ = {
			isa = PBXGroup;
			children = (
				1C6CAF26247C81DE0037C98B /* AppDelegate.swift */,
				1C6CAF28247C81DE0037C98B /* SceneDelegate.swift */,
				1C6CAF2A247C81DE0037C98B /* ContentView.swift */,
				1C6CAF2C247C81E00037C98B /* Assets.xcassets */,
				1C6CAF31247C81E00037C98B /* LaunchScreen.storyboard */,
				1C6CAF34247C81E00037C98B /* Info.plist */,
				1C6CAF2E247C81E00037C98B /* Preview Content */,
			);
			path = NavigationLinkBug;
			sourceTree = "<group>";
		};
		1C6CAF2E247C81E00037C98B /* Preview Content */ = {
			isa = PBXGroup;
			children = (
				1C6CAF2F247C81E00037C98B /* Preview Assets.xcassets */,
			);
			path = "Preview Content";
			sourceTree = "<group>";
		};
/* End PBXGroup section */

/* Begin PBXNativeTarget section */
		1C6CAF22247C81DE0037C98B /* NavigationLinkBug */ = {
			isa = PBXNativeTarget;
			buildConfigurationList = 1C6CAF37247C81E00037C98B /* Build configuration list for PBXNativeTarget "NavigationLinkBug" */;
			buildPhases = (
				1C6CAF1F247C81DE0037C98B /* Sources */,
				1C6CAF20247C81DE0037C98B /* Frameworks */,
				1C6CAF21247C81DE0037C98B /* Resources */,
			);
			buildRules = (
			);
			dependencies = (
			);
			name = NavigationLinkBug;
			productName = NavigationLinkBug;
			productReference = 1C6CAF23247C81DE0037C98B /* NavigationLinkBug.app */;
			productType = "com.apple.product-type.application";
		};
/* End PBXNativeTarget section */

/* Begin PBXProject section */
		1C6CAF1B247C81DE0037C98B /* Project object */ = {
			isa = PBXProject;
			attributes = {
				LastSwiftUpdateCheck = 1150;
				LastUpgradeCheck = 1150;
				ORGANIZATIONNAME = "Majid Jabrayilov";
				TargetAttributes = {
					1C6CAF22247C81DE0037C98B = {
						CreatedOnToolsVersion = 11.5;
					};
				};
			};
			buildConfigurationList = 1C6CAF1E247C81DE0037C98B /* Build configuration list for PBXProject "NavigationLinkBug" */;
			compatibilityVersion = "Xcode 9.3";
			developmentRegion = en;
			hasScannedForEncodings = 0;
			knownRegions = (
				en,
				Base,
			);
			mainGroup = 1C6CAF1A247C81DE0037C98B;
			productRefGroup = 1C6CAF24247C81DE0037C98B /* Products */;
			projectDirPath = "";
			projectRoot = "";
			targets = (
				1C6CAF22247C81DE0037C98B /* NavigationLinkBug */,
			);
		};
/* End PBXProject section */

/* Begin PBXResourcesBuildPhase section */
		1C6CAF21247C81DE0037C98B /* Resources */ = {
			isa = PBXResourcesBuildPhase;
			buildActionMask = 2147483647;
			files = (
				1C6CAF33247C81E00037C98B /* LaunchScreen.storyboard in Resources */,
				1C6CAF30247C81E00037C98B /* Preview Assets.xcassets in Resources */,
				1C6CAF2D247C81E00037C98B /* Assets.xcassets in Resources */,
			);
			runOnlyForDeploymentPostprocessing = 0;
		};
/* End PBXResourcesBuildPhase section */

/* Begin PBXSourcesBuildPhase section */
		1C6CAF1F247C81DE0037C98B /* Sources */ = {
			isa = PBXSourcesBuildPhase;
			buildActionMask = 2147483647;
			files = (
				1C6CAF27247C81DE0037C98B /* AppDelegate.swift in Sources */,
				1C6CAF29247C81DE0037C98B /* SceneDelegate.swift in Sources */,
				1C6CAF2B247C81DE0037C98B /* ContentView.swift in Sources */,
			);
			runOnlyForDeploymentPostprocessing = 0;
		};
/* End PBXSourcesBuildPhase section */

/* Begin PBXVariantGroup section */
		1C6CAF31247C81E00037C98B /* LaunchScreen.storyboard */ = {
			isa = PBXVariantGroup;
			children = (
				1C6CAF32247C81E00037C98B /* Base */,
			);
			name = LaunchScreen.storyboard;
			sourceTree = "<group>";
		};
/* End PBXVariantGroup section */

/* Begin XCBuildConfiguration section */
		1C6CAF35247C81E00037C98B /* Debug */ = {
			isa = XCBuildConfiguration;
			buildSettings = {
				ALWAYS_SEARCH_USER_PATHS = NO;
				CLANG_ANALYZER_NONNULL = YES;
				CLANG_ANALYZER_NUMBER_OBJECT_CONVERSION = YES_AGGRESSIVE;
				CLANG_CXX_LANGUAGE_STANDARD = "gnu++14";
				CLANG_CXX_LIBRARY = "libc++";
				CLANG_ENABLE_MODULES = YES;
				CLANG_ENABLE_OBJC_ARC = YES;
				CLANG_ENABLE_OBJC_WEAK = YES;
				CLANG_WARN_BLOCK_CAPTURE_AUTORELEASING = YES;
				CLANG_WARN_BOOL_CONVERSION = YES;
				CLANG_WARN_COMMA = YES;
				CLANG_WARN_CONSTANT_CONVERSION = YES;
				CLANG_WARN_DEPRECATED_OBJC_IMPLEMENTATIONS = YES;
				CLANG_WARN_DIRECT_OBJC_ISA_USAGE = YES_ERROR;
				CLANG_WARN_DOCUMENTATION_COMMENTS = YES;
				CLANG_WARN_EMPTY_BODY = YES;
				CLANG_WARN_ENUM_CONVERSION = YES;
				CLANG_WARN_INFINITE_RECURSION = YES;
				CLANG_WARN_INT_CONVERSION = YES;
				CLANG_WARN_NON_LITERAL_NULL_CONVERSION = YES;
				CLANG_WARN_OBJC_IMPLICIT_RETAIN_SELF = YES;
				CLANG_WARN_OBJC_LITERAL_CONVERSION = YES;
				CLANG_WARN_OBJC_ROOT_CLASS = YES_ERROR;
				CLANG_WARN_RANGE_LOOP_ANALYSIS = YES;
				CLANG_WARN_STRICT_PROTOTYPES = YES;
				CLANG_WARN_SUSPICIOUS_MOVE = YES;
				CLANG_WARN_UNGUARDED_AVAILABILITY = YES_AGGRESSIVE;
				CLANG_WARN_UNREACHABLE_CODE = YES;
				CLANG_WARN__DUPLICATE_METHOD_MATCH = YES;
				COPY_PHASE_STRIP = NO;
				DEBUG_INFORMATION_FORMAT = dwarf;
				ENABLE_STRICT_OBJC_MSGSEND = YES;
				ENABLE_TESTABILITY = YES;
				GCC_C_LANGUAGE_STANDARD = gnu11;
				GCC_DYNAMIC_NO_PIC = NO;
				GCC_NO_COMMON_BLOCKS = YES;
				GCC_OPTIMIZATION_LEVEL = 0;
				GCC_PREPROCESSOR_DEFINITIONS = (
					"DEBUG=1",
					"$(inherited)",
				);
				GCC_WARN_64_TO_32_BIT_CONVERSION = YES;
				GCC_WARN_ABOUT_RETURN_TYPE = YES_ERROR;
				GCC_WARN_UNDECLARED_SELECTOR = YES;
				GCC_WARN_UNINITIALIZED_AUTOS = YES_AGGRESSIVE;
				GCC_WARN_UNUSED_FUNCTION = YES;
				GCC_WARN_UNUSED_VARIABLE = YES;
				IPHONEOS_DEPLOYMENT_TARGET = 13.5;
				MTL_ENABLE_DEBUG_INFO = INCLUDE_SOURCE;
				MTL_FAST_MATH = YES;
				ONLY_ACTIVE_ARCH = YES;
				SDKROOT = iphoneos;
				SWIFT_ACTIVE_COMPILATION_CONDITIONS = DEBUG;
				SWIFT_OPTIMIZATION_LEVEL = "-Onone";
			};
			name = Debug;
		};
		1C6CAF36247C81E00037C98B /* Release */ = {
			isa = XCBuildConfiguration;
			buildSettings = {
				ALWAYS_SEARCH_USER_PATHS = NO;
				CLANG_ANALYZER_NONNULL = YES;
				CLANG_ANALYZER_NUMBER_OBJECT_CONVERSION = YES_AGGRESSIVE;
				CLANG_CXX_LANGUAGE_STANDARD = "gnu++14";
				CLANG_CXX_LIBRARY = "libc++";
				CLANG_ENABLE_MODULES = YES;
				CLANG_ENABLE_OBJC_ARC = YES;
				CLANG_ENABLE_OBJC_WEAK = YES;
				CLANG_WARN_BLOCK_CAPTURE_AUTORELEASING = YES;
				CLANG_WARN_BOOL_CONVERSION = YES;
				CLANG_WARN_COMMA = YES;
				CLANG_WARN_CONSTANT_CONVERSION = YES;
				CLANG_WARN_DEPRECATED_OBJC_IMPLEMENTATIONS = YES;
				CLANG_WARN_DIRECT_OBJC_ISA_USAGE = YES_ERROR;
				CLANG_WARN_DOCUMENTATION_COMMENTS = YES;
				CLANG_WARN_EMPTY_BODY = YES;
				CLANG_WARN_ENUM_CONVERSION = YES;
				CLANG_WARN_INFINITE_RECURSION = YES;
				CLANG_WARN_INT_CONVERSION = YES;
				CLANG_WARN_NON_LITERAL_NULL_CONVERSION = YES;
				CLANG_WARN_OBJC_IMPLICIT_RETAIN_SELF = YES;
				CLANG_WARN_OBJC_LITERAL_CONVERSION = YES;
				CLANG_WARN_OBJC_ROOT_CLASS = YES_ERROR;
				CLANG_WARN_RANGE_LOOP_ANALYSIS = YES;
				CLANG_WARN_STRICT_PROTOTYPES = YES;
				CLANG_WARN_SUSPICIOUS_MOVE = YES;
				CLANG_WARN_UNGUARDED_AVAILABILITY = YES_AGGRESSIVE;
				CLANG_WARN_UNREACHABLE_CODE = YES;
				CLANG_WARN__DUPLICATE_METHOD_MATCH = YES;
				COPY_PHASE_STRIP = NO;
				DEBUG_INFORMATION_FORMAT = "dwarf-with-dsym";
				ENABLE_NS_ASSERTIONS = NO;
				ENABLE_STRICT_OBJC_MSGSEND = YES;
				GCC_C_LANGUAGE_STANDARD = gnu11;
				GCC_NO_COMMON_BLOCKS = YES;
				GCC_WARN_64_TO_32_BIT_CONVERSION = YES;
				GCC_WARN_ABOUT_RETURN_TYPE = YES_ERROR;
				GCC_WARN_UNDECLARED_SELECTOR = YES;
				GCC_WARN_UNINITIALIZED_AUTOS = YES_AGGRESSIVE;
				GCC_WARN_UNUSED_FUNCTION = YES;
				GCC_WARN_UNUSED_VARIABLE = YES;
				IPHONEOS_DEPLOYMENT_TARGET = 13.5;
				MTL_ENABLE_DEBUG_INFO = NO;
				MTL_FAST_MATH = YES;
				SDKROOT = iphoneos;
				SWIFT_COMPILATION_MODE = wholemodule;
				SWIFT_OPTIMIZATION_LEVEL = "-O";
				VALIDATE_PRODUCT = YES;
			};
			name = Release;
		};
		1C6CAF38247C81E00037C98B /* Debug */ = {
			isa = XCBuildConfiguration;
			buildSettings = {
				ASSETCATALOG_COMPILER_APPICON_NAME = AppIcon;
				CODE_SIGN_STYLE = Automatic;
				DEVELOPMENT_ASSET_PATHS = "\"NavigationLinkBug/Preview Content\"";
				DEVELOPMENT_TEAM = 2952RH3AR7;
				ENABLE_PREVIEWS = YES;
				INFOPLIST_FILE = NavigationLinkBug/Info.plist;
				LD_RUNPATH_SEARCH_PATHS = (
					"$(inherited)",
					"@executable_path/Frameworks",
				);
				PRODUCT_BUNDLE_IDENTIFIER = com.aaplab.NavigationLinkBug;
				PRODUCT_NAME = "$(TARGET_NAME)";
				SWIFT_VERSION = 5.0;
				TARGETED_DEVICE_FAMILY = "1,2";
			};
			name = Debug;
		};
		1C6CAF39247C81E00037C98B /* Release */ = {
			isa = XCBuildConfiguration;
			buildSettings = {
				ASSETCATALOG_COMPILER_APPICON_NAME = AppIcon;
				CODE_SIGN_STYLE = Automatic;
				DEVELOPMENT_ASSET_PATHS = "\"NavigationLinkBug/Preview Content\"";
				DEVELOPMENT_TEAM = 2952RH3AR7;
				ENABLE_PREVIEWS = YES;
				INFOPLIST_FILE = NavigationLinkBug/Info.plist;
				LD_RUNPATH_SEARCH_PATHS = (
					"$(inherited)",
					"@executable_path/Frameworks",
				);
				PRODUCT_BUNDLE_IDENTIFIER = com.aaplab.NavigationLinkBug;
				PRODUCT_NAME = "$(TARGET_NAME)";
				SWIFT_VERSION = 5.0;
				TARGETED_DEVICE_FAMILY = "1,2";
			};
			name = Release;
		};
/* End XCBuildConfiguration section */

/* Begin XCConfigurationList section */
		1C6CAF1E247C81DE0037C98B /* Build configuration list for PBXProject "NavigationLinkBug" */ = {
			isa = XCConfigurationList;
			buildConfigurations = (
				1C6CAF35247C81E00037C98B /* Debug */,
				1C6CAF36247C81E00037C98B /* Release */,
			);
			defaultConfigurationIsVisible = 0;
			defaultConfigurationName = Release;
		};
		1C6CAF37247C81E00037C98B /* Build configuration list for PBXNativeTarget "NavigationLinkBug" */ = {
			isa = XCConfigurationList;
			buildConfigurations = (
				1C6CAF38247C81E00037C98B /* Debug */,
				1C6CAF39247C81E00037C98B /* Release */,
			);
			defaultConfigurationIsVisible = 0;
			defaultConfigurationName = Release;
		};
/* End XCConfigurationList section */
	};
	rootObject = 1C6CAF1B247C81DE0037C98B /* Project object */;
}
